
Microsoft Visual Studio Solution File, Format Version 12.00
# Visual Studio 15
VisualStudioVersion = 15.0.27703.2000
MinimumVisualStudioVersion = 10.0.40219.1
Project("{FAE04EC0-301F-11D3-BF4B-00C04F79EFBC}") = "Data Grid View", "Data Grid View\Data Grid View.csproj", "{FBCDA1B4-EAC3-4700-BAF3-F153B892DBF8}"
EndProject
Global
	GlobalSection(SolutionConfigurationPlatforms) = preSolution
		Debug|Any CPU = Debug|Any CPU
		Release|Any CPU = Release|Any CPU
	EndGlobalSection
	GlobalSection(ProjectConfigurationPlatforms) = postSolution
		{FBCDA1B4-EAC3-4700-BAF3-F153B892DBF8}.Debug|Any CPU.ActiveCfg = Debug|Any CPU
		{FBCDA1B4-EAC3-4700-BAF3-F153B892DBF8}.Debug|Any CPU.Build.0 = Debug|Any CPU
		{FBCDA1B4-EAC3-4700-BAF3-F153B892DBF8}.Release|Any CPU.ActiveCfg = Release|Any CPU
		{FBCDA1B4-EAC3-4700-BAF3-F153B892DBF8}.Release|Any CPU.Build.0 = Release|Any CPU
	EndGlobalSection
	GlobalSection(SolutionProperties) = preSolution
		HideSolutionNode = FALSE
	EndGlobalSection
	GlobalSection(ExtensibilityGlobals) = postSolution
		SolutionGuid = {9A6B9CE3-25AB-4095-A4FC-D7867E170BFD}
	EndGlobalSection
EndGlobal
