
Microsoft Visual Studio Solution File, Format Version 12.00
# Visual Studio Version 16
VisualStudioVersion = 16.0.31624.102
MinimumVisualStudioVersion = 10.0.40219.1
Project("{FAE04EC0-301F-11D3-BF4B-00C04F79EFBC}") = "TreeView", "TreeView\TreeView.csproj", "{5BA1AB91-680F-4D5F-9D5B-E4EE7A2782A1}"
EndProject
Global
	GlobalSection(SolutionConfigurationPlatforms) = preSolution
		Debug|Any CPU = Debug|Any CPU
		Release|Any CPU = Release|Any CPU
	EndGlobalSection
	GlobalSection(ProjectConfigurationPlatforms) = postSolution
		{5BA1AB91-680F-4D5F-9D5B-E4EE7A2782A1}.Debug|Any CPU.ActiveCfg = Debug|Any CPU
		{5BA1AB91-680F-4D5F-9D5B-E4EE7A2782A1}.Debug|Any CPU.Build.0 = Debug|Any CPU
		{5BA1AB91-680F-4D5F-9D5B-E4EE7A2782A1}.Release|Any CPU.ActiveCfg = Release|Any CPU
		{5BA1AB91-680F-4D5F-9D5B-E4EE7A2782A1}.Release|Any CPU.Build.0 = Release|Any CPU
	EndGlobalSection
	GlobalSection(SolutionProperties) = preSolution
		HideSolutionNode = FALSE
	EndGlobalSection
	GlobalSection(ExtensibilityGlobals) = postSolution
		SolutionGuid = {EE18A6F9-652D-4CC7-8D85-4C0E26211622}
	EndGlobalSection
EndGlobal
